
Microsoft Visual Studio Solution File, Format Version 12.00
# Visual Studio 2013
Project("{FAE04EC0-301F-11D3-BF4B-00C04F79EFBC}") = "UnityVS.Mooji_ThreekingDoms_ZMC.CSharp.Plugins", "UnityVS.Mooji_ThreekingDoms_ZMC.CSharp.Plugins.csproj", "{198A3CF1-D8C2-6A43-8718-27AEA9BC43C1}"
EndProject
Project("{FAE04EC0-301F-11D3-BF4B-00C04F79EFBC}") = "UnityVS.Mooji_ThreekingDoms_ZMC.CSharp", "UnityVS.Mooji_ThreekingDoms_ZMC.CSharp.csproj", "{51927473-F300-085F-B439-503CCFB94DD2}"
EndProject
Project("{FAE04EC0-301F-11D3-BF4B-00C04F79EFBC}") = "UnityVS.Mooji_ThreekingDoms_ZMC.CSharp.Editor.Plugins", "UnityVS.Mooji_ThreekingDoms_ZMC.CSharp.Editor.Plugins.csproj", "{29A55843-FF39-1A40-5DA6-35DA5D1F2C2D}"
EndProject
Project("{FAE04EC0-301F-11D3-BF4B-00C04F79EFBC}") = "UnityVS.Mooji_ThreekingDoms_ZMC.CSharp.Editor", "UnityVS.Mooji_ThreekingDoms_ZMC.CSharp.Editor.csproj", "{64EA8414-95B3-B9A3-66AC-1A4E82BAC2BF}"
EndProject
Global
	GlobalSection(SolutionConfigurationPlatforms) = preSolution
		Debug|Any CPU = Debug|Any CPU
		Release|Any CPU = Release|Any CPU
	EndGlobalSection
	GlobalSection(ProjectConfigurationPlatforms) = postSolution
		{198A3CF1-D8C2-6A43-8718-27AEA9BC43C1}.Debug|Any CPU.ActiveCfg = Debug|Any CPU
		{198A3CF1-D8C2-6A43-8718-27AEA9BC43C1}.Debug|Any CPU.Build.0 = Debug|Any CPU
		{198A3CF1-D8C2-6A43-8718-27AEA9BC43C1}.Release|Any CPU.ActiveCfg = Release|Any CPU
		{198A3CF1-D8C2-6A43-8718-27AEA9BC43C1}.Release|Any CPU.Build.0 = Release|Any CPU
		{51927473-F300-085F-B439-503CCFB94DD2}.Debug|Any CPU.ActiveCfg = Debug|Any CPU
		{51927473-F300-085F-B439-503CCFB94DD2}.Debug|Any CPU.Build.0 = Debug|Any CPU
		{51927473-F300-085F-B439-503CCFB94DD2}.Release|Any CPU.ActiveCfg = Release|Any CPU
		{51927473-F300-085F-B439-503CCFB94DD2}.Release|Any CPU.Build.0 = Release|Any CPU
		{29A55843-FF39-1A40-5DA6-35DA5D1F2C2D}.Debug|Any CPU.ActiveCfg = Debug|Any CPU
		{29A55843-FF39-1A40-5DA6-35DA5D1F2C2D}.Debug|Any CPU.Build.0 = Debug|Any CPU
		{29A55843-FF39-1A40-5DA6-35DA5D1F2C2D}.Release|Any CPU.ActiveCfg = Release|Any CPU
		{29A55843-FF39-1A40-5DA6-35DA5D1F2C2D}.Release|Any CPU.Build.0 = Release|Any CPU
		{64EA8414-95B3-B9A3-66AC-1A4E82BAC2BF}.Debug|Any CPU.ActiveCfg = Debug|Any CPU
		{64EA8414-95B3-B9A3-66AC-1A4E82BAC2BF}.Debug|Any CPU.Build.0 = Debug|Any CPU
		{64EA8414-95B3-B9A3-66AC-1A4E82BAC2BF}.Release|Any CPU.ActiveCfg = Release|Any CPU
		{64EA8414-95B3-B9A3-66AC-1A4E82BAC2BF}.Release|Any CPU.Build.0 = Release|Any CPU
	EndGlobalSection
	GlobalSection(SolutionProperties) = preSolution
		HideSolutionNode = FALSE
	EndGlobalSection
EndGlobal
